results/2021-03-24/flye-medaka.snps
results/2021-03-24/flye-none.snps
results/2021-03-24/raven-medaka.snps
results/2021-03-24/raven-none.snps
results/2021-03-24/flye-medaka/consensus.fasta
data/2021-03-24_bonito.fasta
results/2021-03-24/flye/assembly.fasta
data/2021-03-24_bonito.fasta
results/2021-03-24/flye-none/consensus.fasta
data/2021-03-24_bonito.fasta
results/2021-03-24/flye/assembly.fasta
results/2021-03-24/raven-medaka/consensus.fasta
data/2021-03-24_bonito.fasta
results/2021-03-24/raven/assembly.fasta
data/2021-03-24_bonito.fasta
results/2021-03-24/raven-none/consensus.fasta
data/2021-03-24_bonito.fasta
results/2021-03-24/raven/assembly.fasta
