results/K12_bonito_0.3/raven-none/consensus.fasta
results/K12_guppy_4.0/flye-none/consensus.fasta
results/K12_bonito_0.3/flye/assembly.fasta
results/K12_guppy_4.0hq/raven/assembly.fasta
results/K12_bonito_0.3/flye-none.snps
results/K12_guppy_4.0hq/flye-medaka.snps
results/K12_guppy_4.0hq/raven-none.snps
results/K12_guppy_4.0/raven-medaka.snps
results/K12_bonito_0.3/flye-none/consensus.fasta
results/K12_guppy_4.0hq/flye-medaka/consensus.fasta
results/K12_guppy_4.0hq/raven-none/consensus.fasta
results/K12_guppy_4.0/raven-medaka/consensus.fasta
results/K12_bonito_0.3/raven-medaka.snps
results/K12_guppy_4.0/flye-medaka.snps
results/K12_guppy_4.0hq/flye/assembly.fasta
results/K12_guppy_4.0/raven/assembly.fasta
results/K12_guppy_4.0hq/flye-none.snps
results/K12_guppy_4.0/raven-none.snps
results/K12_bonito_0.3/raven-medaka/consensus.fasta
results/K12_guppy_4.0/flye-medaka/consensus.fasta
results/K12_guppy_4.0hq/flye-none/consensus.fasta
results/K12_guppy_4.0/raven-none/consensus.fasta
results/K12_bonito_0.3/raven/assembly.fasta
results/K12_guppy_4.0/flye/assembly.fasta
results/K12_bonito_0.3/flye-medaka.snps
results/K12_bonito_0.3/raven-none.snps
results/K12_guppy_4.0hq/raven-medaka.snps
results/K12_guppy_4.0/flye-none.snps
results/K12_bonito_0.3/flye-medaka/consensus.fasta
results/K12_guppy_4.0hq/raven-medaka/consensus.fasta
